Microsoft Visual Studio Solution File, Format Version 12.00
# Visual Studio Version 17
VisualStudioVersion = 17.5.2.0
MinimumVisualStudioVersion = 10.0.40219.1
Project("{FAE04EC0-301F-11D3-BF4B-00C04F79EFBC}") = "DataProcessing.API", "DataProcessing.API\DataProcessing.API.csproj", "{095434D2-8A23-8B3C-647E-6D97EE98B9B9}"
EndProject
Global
	GlobalSection(SolutionConfigurationPlatforms) = preSolution
		Debug|Any CPU = Debug|Any CPU
		Release|Any CPU = Release|Any CPU
	EndGlobalSection
	GlobalSection(ProjectConfigurationPlatforms) = postSolution
		{095434D2-8A23-8B3C-647E-6D97EE98B9B9}.Debug|Any CPU.ActiveCfg = Debug|Any CPU
		{095434D2-8A23-8B3C-647E-6D97EE98B9B9}.Debug|Any CPU.Build.0 = Debug|Any CPU
		{095434D2-8A23-8B3C-647E-6D97EE98B9B9}.Release|Any CPU.ActiveCfg = Release|Any CPU
		{095434D2-8A23-8B3C-647E-6D97EE98B9B9}.Release|Any CPU.Build.0 = Release|Any CPU
	EndGlobalSection
	GlobalSection(SolutionProperties) = preSolution
		HideSolutionNode = FALSE
	EndGlobalSection
	GlobalSection(ExtensibilityGlobals) = postSolution
		SolutionGuid = {16F626C6-D1E0-4244-8239-2AFBDC106960}
	EndGlobalSection
EndGlobal
